// !$*UTF8*$!
{
	archiveVersion = 1;
	classes = {
	};
	objectVersion = 56;
	objects = {

/* Begin PBXBuildFile section */
		ABC4D4F7603FE92E71E2FA22 /* Pods_Sky_Go_iOS_Calendar_App.framework in Frameworks */ = {isa = PBXBuildFile; fileRef = 4AE96BD800766BE0BCE1C630 /* Pods_Sky_Go_iOS_Calendar_App.framework */; };
		E05581F42993EC0500E08769 /* GoogleService-Info.plist in Resources */ = {isa = PBXBuildFile; fileRef = E05581F32993EC0500E08769 /* GoogleService-Info.plist */; };
		E05581F72993EF3D00E08769 /* FirebaseAnalyticsWithoutAdIdSupport in Frameworks */ = {isa = PBXBuildFile; productRef = E05581F62993EF3D00E08769 /* FirebaseAnalyticsWithoutAdIdSupport */; };
		E05581F92993EF3D00E08769 /* FirebaseAuth in Frameworks */ = {isa = PBXBuildFile; productRef = E05581F82993EF3D00E08769 /* FirebaseAuth */; };
		E05581FB2993EF3D00E08769 /* FirebaseFirestore in Frameworks */ = {isa = PBXBuildFile; productRef = E05581FA2993EF3D00E08769 /* FirebaseFirestore */; };
		E05582012995257800E08769 /* LogInViewController.swift in Sources */ = {isa = PBXBuildFile; fileRef = E05582002995257800E08769 /* LogInViewController.swift */; };
		E05582032995265A00E08769 /* UserSignInViewController.swift in Sources */ = {isa = PBXBuildFile; fileRef = E05582022995265A00E08769 /* UserSignInViewController.swift */; };
		E055820729954ADF00E08769 /* HomeViewController.swift in Sources */ = {isa = PBXBuildFile; fileRef = E055820629954ADF00E08769 /* HomeViewController.swift */; };
		E0A27EF629928C1600351EDF /* AppDelegate.swift in Sources */ = {isa = PBXBuildFile; fileRef = E0A27EF529928C1600351EDF /* AppDelegate.swift */; };
		E0A27EF829928C1600351EDF /* SceneDelegate.swift in Sources */ = {isa = PBXBuildFile; fileRef = E0A27EF729928C1600351EDF /* SceneDelegate.swift */; };
		E0A27EFA29928C1600351EDF /* SignUpViewController.swift in Sources */ = {isa = PBXBuildFile; fileRef = E0A27EF929928C1600351EDF /* SignUpViewController.swift */; };
		E0A27EFF29928C1900351EDF /* Assets.xcassets in Resources */ = {isa = PBXBuildFile; fileRef = E0A27EFE29928C1900351EDF /* Assets.xcassets */; };
		E0A27F0229928C1900351EDF /* LaunchScreen.storyboard in Resources */ = {isa = PBXBuildFile; fileRef = E0A27F0029928C1900351EDF /* LaunchScreen.storyboard */; };
		E0AA643A299A681C008B8864 /* FirebaseDatabase in Frameworks */ = {isa = PBXBuildFile; productRef = E0AA6439299A681C008B8864 /* FirebaseDatabase */; };
/* End PBXBuildFile section */

/* Begin PBXFileReference section */
		4AE96BD800766BE0BCE1C630 /* Pods_Sky_Go_iOS_Calendar_App.framework */ = {isa = PBXFileReference; explicitFileType = wrapper.framework; includeInIndex = 0; path = Pods_Sky_Go_iOS_Calendar_App.framework; sourceTree = BUILT_PRODUCTS_DIR; };
		9E4C9282A01B950B495DCAA0 /* Pods-Sky Go iOS Calendar App.release.xcconfig */ = {isa = PBXFileReference; includeInIndex = 1; lastKnownFileType = text.xcconfig; name = "Pods-Sky Go iOS Calendar App.release.xcconfig"; path = "Target Support Files/Pods-Sky Go iOS Calendar App/Pods-Sky Go iOS Calendar App.release.xcconfig"; sourceTree = "<group>"; };
		C131EDA26C5646F70F2C2AA7 /* Pods-Sky Go iOS Calendar App.debug.xcconfig */ = {isa = PBXFileReference; includeInIndex = 1; lastKnownFileType = text.xcconfig; name = "Pods-Sky Go iOS Calendar App.debug.xcconfig"; path = "Target Support Files/Pods-Sky Go iOS Calendar App/Pods-Sky Go iOS Calendar App.debug.xcconfig"; sourceTree = "<group>"; };
		E05581F32993EC0500E08769 /* GoogleService-Info.plist */ = {isa = PBXFileReference; fileEncoding = 4; lastKnownFileType = text.plist.xml; path = "GoogleService-Info.plist"; sourceTree = "<group>"; };
		E05582002995257800E08769 /* LogInViewController.swift */ = {isa = PBXFileReference; lastKnownFileType = sourcecode.swift; path = LogInViewController.swift; sourceTree = "<group>"; };
		E05582022995265A00E08769 /* UserSignInViewController.swift */ = {isa = PBXFileReference; lastKnownFileType = sourcecode.swift; path = UserSignInViewController.swift; sourceTree = "<group>"; };
		E055820629954ADF00E08769 /* HomeViewController.swift */ = {isa = PBXFileReference; lastKnownFileType = sourcecode.swift; path = HomeViewController.swift; sourceTree = "<group>"; };
		E0A27EF229928C1600351EDF /* Sky Go iOS Calendar App.app */ = {isa = PBXFileReference; explicitFileType = wrapper.application; includeInIndex = 0; path = "Sky Go iOS Calendar App.app"; sourceTree = BUILT_PRODUCTS_DIR; };
		E0A27EF529928C1600351EDF /* AppDelegate.swift */ = {isa = PBXFileReference; lastKnownFileType = sourcecode.swift; path = AppDelegate.swift; sourceTree = "<group>"; };
		E0A27EF729928C1600351EDF /* SceneDelegate.swift */ = {isa = PBXFileReference; lastKnownFileType = sourcecode.swift; path = SceneDelegate.swift; sourceTree = "<group>"; };
		E0A27EF929928C1600351EDF /* SignUpViewController.swift */ = {isa = PBXFileReference; lastKnownFileType = sourcecode.swift; path = SignUpViewController.swift; sourceTree = "<group>"; };
		E0A27EFE29928C1900351EDF /* Assets.xcassets */ = {isa = PBXFileReference; lastKnownFileType = folder.assetcatalog; path = Assets.xcassets; sourceTree = "<group>"; };
		E0A27F0129928C1900351EDF /* Base */ = {isa = PBXFileReference; lastKnownFileType = file.storyboard; name = Base; path = Base.lproj/LaunchScreen.storyboard; sourceTree = "<group>"; };
		E0A27F0329928C1900351EDF /* Info.plist */ = {isa = PBXFileReference; lastKnownFileType = text.plist.xml; path = Info.plist; sourceTree = "<group>"; };
/* End PBXFileReference section */

/* Begin PBXFrameworksBuildPhase section */
		E0A27EEF29928C1600351EDF /* Frameworks */ = {
			isa = PBXFrameworksBuildPhase;
			buildActionMask = 2147483647;
			files = (
				E05581F72993EF3D00E08769 /* FirebaseAnalyticsWithoutAdIdSupport in Frameworks */,
				E05581F92993EF3D00E08769 /* FirebaseAuth in Frameworks */,
				E0AA643A299A681C008B8864 /* FirebaseDatabase in Frameworks */,
				E05581FB2993EF3D00E08769 /* FirebaseFirestore in Frameworks */,
				ABC4D4F7603FE92E71E2FA22 /* Pods_Sky_Go_iOS_Calendar_App.framework in Frameworks */,
			);
			runOnlyForDeploymentPostprocessing = 0;
		};
/* End PBXFrameworksBuildPhase section */

/* Begin PBXGroup section */
		E0A27EE929928C1600351EDF = {
			isa = PBXGroup;
			children = (
				E0A27EF429928C1600351EDF /* Sky Go iOS Calendar App */,
				E0A27EF329928C1600351EDF /* Products */,
				E0AA6438299A681C008B8864 /* Frameworks */,
				F7B30FCD820BCE309898E970 /* Pods */,
			);
			sourceTree = "<group>";
		};
		E0A27EF329928C1600351EDF /* Products */ = {
			isa = PBXGroup;
			children = (
				E0A27EF229928C1600351EDF /* Sky Go iOS Calendar App.app */,
			);
			name = Products;
			sourceTree = "<group>";
		};
		E0A27EF429928C1600351EDF /* Sky Go iOS Calendar App */ = {
			isa = PBXGroup;
			children = (
				E0A27EF529928C1600351EDF /* AppDelegate.swift */,
				E0A27EF729928C1600351EDF /* SceneDelegate.swift */,
				E055820629954ADF00E08769 /* HomeViewController.swift */,
				E05582022995265A00E08769 /* UserSignInViewController.swift */,
				E0A27EF929928C1600351EDF /* SignUpViewController.swift */,
				E05582002995257800E08769 /* LogInViewController.swift */,
				E0A27EFE29928C1900351EDF /* Assets.xcassets */,
				E0A27F0029928C1900351EDF /* LaunchScreen.storyboard */,
				E0A27F0329928C1900351EDF /* Info.plist */,
				E05581F32993EC0500E08769 /* GoogleService-Info.plist */,
			);
			path = "Sky Go iOS Calendar App";
			sourceTree = "<group>";
		};
		E0AA6438299A681C008B8864 /* Frameworks */ = {
			isa = PBXGroup;
			children = (
				4AE96BD800766BE0BCE1C630 /* Pods_Sky_Go_iOS_Calendar_App.framework */,
			);
			name = Frameworks;
			sourceTree = "<group>";
		};
		F7B30FCD820BCE309898E970 /* Pods */ = {
			isa = PBXGroup;
			children = (
				C131EDA26C5646F70F2C2AA7 /* Pods-Sky Go iOS Calendar App.debug.xcconfig */,
				9E4C9282A01B950B495DCAA0 /* Pods-Sky Go iOS Calendar App.release.xcconfig */,
			);
			name = Pods;
			path = Pods;
			sourceTree = "<group>";
		};
/* End PBXGroup section */

/* Begin PBXNativeTarget section */
		E0A27EF129928C1600351EDF /* Sky Go iOS Calendar App */ = {
			isa = PBXNativeTarget;
			buildConfigurationList = E0A27F0629928C1900351EDF /* Build configuration list for PBXNativeTarget "Sky Go iOS Calendar App" */;
			buildPhases = (
				9B8A9C12003DE20D1437C35F /* [CP] Check Pods Manifest.lock */,
				E0A27EEE29928C1600351EDF /* Sources */,
				E0A27EEF29928C1600351EDF /* Frameworks */,
				E0A27EF029928C1600351EDF /* Resources */,
				6039C21527F9E05926448EF5 /* [CP] Embed Pods Frameworks */,
			);
			buildRules = (
			);
			dependencies = (
			);
			name = "Sky Go iOS Calendar App";
			packageProductDependencies = (
				E05581F62993EF3D00E08769 /* FirebaseAnalyticsWithoutAdIdSupport */,
				E05581F82993EF3D00E08769 /* FirebaseAuth */,
				E05581FA2993EF3D00E08769 /* FirebaseFirestore */,
				E0AA6439299A681C008B8864 /* FirebaseDatabase */,
			);
			productName = "Sky Go iOS Calendar App";
			productReference = E0A27EF229928C1600351EDF /* Sky Go iOS Calendar App.app */;
			productType = "com.apple.product-type.application";
		};
/* End PBXNativeTarget section */

/* Begin PBXProject section */
		E0A27EEA29928C1600351EDF /* Project object */ = {
			isa = PBXProject;
			attributes = {
				BuildIndependentTargetsInParallel = 1;
				LastSwiftUpdateCheck = 1410;
				LastUpgradeCheck = 1410;
				TargetAttributes = {
					E0A27EF129928C1600351EDF = {
						CreatedOnToolsVersion = 14.1;
					};
				};
			};
			buildConfigurationList = E0A27EED29928C1600351EDF /* Build configuration list for PBXProject "Sky Go iOS Calendar App" */;
			compatibilityVersion = "Xcode 14.0";
			developmentRegion = en;
			hasScannedForEncodings = 0;
			knownRegions = (
				en,
				Base,
			);
			mainGroup = E0A27EE929928C1600351EDF;
			packageReferences = (
				E05581F52993EF3D00E08769 /* XCRemoteSwiftPackageReference "firebase-ios-sdk" */,
			);
			productRefGroup = E0A27EF329928C1600351EDF /* Products */;
			projectDirPath = "";
			projectRoot = "";
			targets = (
				E0A27EF129928C1600351EDF /* Sky Go iOS Calendar App */,
			);
		};
/* End PBXProject section */

/* Begin PBXResourcesBuildPhase section */
		E0A27EF029928C1600351EDF /* Resources */ = {
			isa = PBXResourcesBuildPhase;
			buildActionMask = 2147483647;
			files = (
				E0A27F0229928C1900351EDF /* LaunchScreen.storyboard in Resources */,
				E0A27EFF29928C1900351EDF /* Assets.xcassets in Resources */,
				E05581F42993EC0500E08769 /* GoogleService-Info.plist in Resources */,
			);
			runOnlyForDeploymentPostprocessing = 0;
		};
/* End PBXResourcesBuildPhase section */

/* Begin PBXShellScriptBuildPhase section */
		6039C21527F9E05926448EF5 /* [CP] Embed Pods Frameworks */ = {
			isa = PBXShellScriptBuildPhase;
			buildActionMask = 2147483647;
			files = (
			);
			inputFileListPaths = (
				"${PODS_ROOT}/Target Support Files/Pods-Sky Go iOS Calendar App/Pods-Sky Go iOS Calendar App-frameworks-${CONFIGURATION}-input-files.xcfilelist",
			);
			name = "[CP] Embed Pods Frameworks";
			outputFileListPaths = (
				"${PODS_ROOT}/Target Support Files/Pods-Sky Go iOS Calendar App/Pods-Sky Go iOS Calendar App-frameworks-${CONFIGURATION}-output-files.xcfilelist",
			);
			runOnlyForDeploymentPostprocessing = 0;
			shellPath = /bin/sh;
			shellScript = "\"${PODS_ROOT}/Target Support Files/Pods-Sky Go iOS Calendar App/Pods-Sky Go iOS Calendar App-frameworks.sh\"\n";
			showEnvVarsInLog = 0;
		};
		9B8A9C12003DE20D1437C35F /* [CP] Check Pods Manifest.lock */ = {
			isa = PBXShellScriptBuildPhase;
			buildActionMask = 2147483647;
			files = (
			);
			inputFileListPaths = (
			);
			inputPaths = (
				"${PODS_PODFILE_DIR_PATH}/Podfile.lock",
				"${PODS_ROOT}/Manifest.lock",
			);
			name = "[CP] Check Pods Manifest.lock";
			outputFileListPaths = (
			);
			outputPaths = (
				"$(DERIVED_FILE_DIR)/Pods-Sky Go iOS Calendar App-checkManifestLockResult.txt",
			);
			runOnlyForDeploymentPostprocessing = 0;
			shellPath = /bin/sh;
			shellScript = "diff \"${PODS_PODFILE_DIR_PATH}/Podfile.lock\" \"${PODS_ROOT}/Manifest.lock\" > /dev/null\nif [ $? != 0 ] ; then\n    # print error to STDERR\n    echo \"error: The sandbox is not in sync with the Podfile.lock. Run 'pod install' or update your CocoaPods installation.\" >&2\n    exit 1\nfi\n# This output is used by Xcode 'outputs' to avoid re-running this script phase.\necho \"SUCCESS\" > \"${SCRIPT_OUTPUT_FILE_0}\"\n";
			showEnvVarsInLog = 0;
		};
/* End PBXShellScriptBuildPhase section */

/* Begin PBXSourcesBuildPhase section */
		E0A27EEE29928C1600351EDF /* Sources */ = {
			isa = PBXSourcesBuildPhase;
			buildActionMask = 2147483647;
			files = (
				E05582012995257800E08769 /* LogInViewController.swift in Sources */,
				E0A27EFA29928C1600351EDF /* SignUpViewController.swift in Sources */,
				E05582032995265A00E08769 /* UserSignInViewController.swift in Sources */,
				E0A27EF629928C1600351EDF /* AppDelegate.swift in Sources */,
				E0A27EF829928C1600351EDF /* SceneDelegate.swift in Sources */,
				E055820729954ADF00E08769 /* HomeViewController.swift in Sources */,
			);
			runOnlyForDeploymentPostprocessing = 0;
		};
/* End PBXSourcesBuildPhase section */

/* Begin PBXVariantGroup section */
		E0A27F0029928C1900351EDF /* LaunchScreen.storyboard */ = {
			isa = PBXVariantGroup;
			children = (
				E0A27F0129928C1900351EDF /* Base */,
			);
			name = LaunchScreen.storyboard;
			sourceTree = "<group>";
		};
/* End PBXVariantGroup section */

/* Begin XCBuildConfiguration section */
		E0A27F0429928C1900351EDF /* Debug */ = {
			isa = XCBuildConfiguration;
			buildSettings = {
				ALWAYS_SEARCH_USER_PATHS = NO;
				CLANG_ANALYZER_NONNULL = YES;
				CLANG_ANALYZER_NUMBER_OBJECT_CONVERSION = YES_AGGRESSIVE;
				CLANG_CXX_LANGUAGE_STANDARD = "gnu++20";
				CLANG_ENABLE_MODULES = YES;
				CLANG_ENABLE_OBJC_ARC = YES;
				CLANG_ENABLE_OBJC_WEAK = YES;
				CLANG_WARN_BLOCK_CAPTURE_AUTORELEASING = YES;
				CLANG_WARN_BOOL_CONVERSION = YES;
				CLANG_WARN_COMMA = YES;
				CLANG_WARN_CONSTANT_CONVERSION = YES;
				CLANG_WARN_DEPRECATED_OBJC_IMPLEMENTATIONS = YES;
				CLANG_WARN_DIRECT_OBJC_ISA_USAGE = YES_ERROR;
				CLANG_WARN_DOCUMENTATION_COMMENTS = YES;
				CLANG_WARN_EMPTY_BODY = YES;
				CLANG_WARN_ENUM_CONVERSION = YES;
				CLANG_WARN_INFINITE_RECURSION = YES;
				CLANG_WARN_INT_CONVERSION = YES;
				CLANG_WARN_NON_LITERAL_NULL_CONVERSION = YES;
				CLANG_WARN_OBJC_IMPLICIT_RETAIN_SELF = YES;
				CLANG_WARN_OBJC_LITERAL_CONVERSION = YES;
				CLANG_WARN_OBJC_ROOT_CLASS = YES_ERROR;
				CLANG_WARN_QUOTED_INCLUDE_IN_FRAMEWORK_HEADER = YES;
				CLANG_WARN_RANGE_LOOP_ANALYSIS = YES;
				CLANG_WARN_STRICT_PROTOTYPES = YES;
				CLANG_WARN_SUSPICIOUS_MOVE = YES;
				CLANG_WARN_UNGUARDED_AVAILABILITY = YES_AGGRESSIVE;
				CLANG_WARN_UNREACHABLE_CODE = YES;
				CLANG_WARN__DUPLICATE_METHOD_MATCH = YES;
				COPY_PHASE_STRIP = NO;
				DEBUG_INFORMATION_FORMAT = dwarf;
				ENABLE_STRICT_OBJC_MSGSEND = YES;
				ENABLE_TESTABILITY = YES;
				GCC_C_LANGUAGE_STANDARD = gnu11;
				GCC_DYNAMIC_NO_PIC = NO;
				GCC_NO_COMMON_BLOCKS = YES;
				GCC_OPTIMIZATION_LEVEL = 0;
				GCC_PREPROCESSOR_DEFINITIONS = (
					"DEBUG=1",
					"$(inherited)",
				);
				GCC_WARN_64_TO_32_BIT_CONVERSION = YES;
				GCC_WARN_ABOUT_RETURN_TYPE = YES_ERROR;
				GCC_WARN_UNDECLARED_SELECTOR = YES;
				GCC_WARN_UNINITIALIZED_AUTOS = YES_AGGRESSIVE;
				GCC_WARN_UNUSED_FUNCTION = YES;
				GCC_WARN_UNUSED_VARIABLE = YES;
				IPHONEOS_DEPLOYMENT_TARGET = 16.1;
				MTL_ENABLE_DEBUG_INFO = INCLUDE_SOURCE;
				MTL_FAST_MATH = YES;
				ONLY_ACTIVE_ARCH = YES;
				SDKROOT = iphoneos;
				SWIFT_ACTIVE_COMPILATION_CONDITIONS = DEBUG;
				SWIFT_OPTIMIZATION_LEVEL = "-Onone";
			};
			name = Debug;
		};
		E0A27F0529928C1900351EDF /* Release */ = {
			isa = XCBuildConfiguration;
			buildSettings = {
				ALWAYS_SEARCH_USER_PATHS = NO;
				CLANG_ANALYZER_NONNULL = YES;
				CLANG_ANALYZER_NUMBER_OBJECT_CONVERSION = YES_AGGRESSIVE;
				CLANG_CXX_LANGUAGE_STANDARD = "gnu++20";
				CLANG_ENABLE_MODULES = YES;
				CLANG_ENABLE_OBJC_ARC = YES;
				CLANG_ENABLE_OBJC_WEAK = YES;
				CLANG_WARN_BLOCK_CAPTURE_AUTORELEASING = YES;
				CLANG_WARN_BOOL_CONVERSION = YES;
				CLANG_WARN_COMMA = YES;
				CLANG_WARN_CONSTANT_CONVERSION = YES;
				CLANG_WARN_DEPRECATED_OBJC_IMPLEMENTATIONS = YES;
				CLANG_WARN_DIRECT_OBJC_ISA_USAGE = YES_ERROR;
				CLANG_WARN_DOCUMENTATION_COMMENTS = YES;
				CLANG_WARN_EMPTY_BODY = YES;
				CLANG_WARN_ENUM_CONVERSION = YES;
				CLANG_WARN_INFINITE_RECURSION = YES;
				CLANG_WARN_INT_CONVERSION = YES;
				CLANG_WARN_NON_LITERAL_NULL_CONVERSION = YES;
				CLANG_WARN_OBJC_IMPLICIT_RETAIN_SELF = YES;
				CLANG_WARN_OBJC_LITERAL_CONVERSION = YES;
				CLANG_WARN_OBJC_ROOT_CLASS = YES_ERROR;
				CLANG_WARN_QUOTED_INCLUDE_IN_FRAMEWORK_HEADER = YES;
				CLANG_WARN_RANGE_LOOP_ANALYSIS = YES;
				CLANG_WARN_STRICT_PROTOTYPES = YES;
				CLANG_WARN_SUSPICIOUS_MOVE = YES;
				CLANG_WARN_UNGUARDED_AVAILABILITY = YES_AGGRESSIVE;
				CLANG_WARN_UNREACHABLE_CODE = YES;
				CLANG_WARN__DUPLICATE_METHOD_MATCH = YES;
				COPY_PHASE_STRIP = NO;
				DEBUG_INFORMATION_FORMAT = "dwarf-with-dsym";
				ENABLE_NS_ASSERTIONS = NO;
				ENABLE_STRICT_OBJC_MSGSEND = YES;
				GCC_C_LANGUAGE_STANDARD = gnu11;
				GCC_NO_COMMON_BLOCKS = YES;
				GCC_WARN_64_TO_32_BIT_CONVERSION = YES;
				GCC_WARN_ABOUT_RETURN_TYPE = YES_ERROR;
				GCC_WARN_UNDECLARED_SELECTOR = YES;
				GCC_WARN_UNINITIALIZED_AUTOS = YES_AGGRESSIVE;
				GCC_WARN_UNUSED_FUNCTION = YES;
				GCC_WARN_UNUSED_VARIABLE = YES;
				IPHONEOS_DEPLOYMENT_TARGET = 16.1;
				MTL_ENABLE_DEBUG_INFO = NO;
				MTL_FAST_MATH = YES;
				SDKROOT = iphoneos;
				SWIFT_COMPILATION_MODE = wholemodule;
				SWIFT_OPTIMIZATION_LEVEL = "-O";
				VALIDATE_PRODUCT = YES;
			};
			name = Release;
		};
		E0A27F0729928C1900351EDF /* Debug */ = {
			isa = XCBuildConfiguration;
			baseConfigurationReference = C131EDA26C5646F70F2C2AA7 /* Pods-Sky Go iOS Calendar App.debug.xcconfig */;
			buildSettings = {
				ASSETCATALOG_COMPILER_APPICON_NAME = AppIcon;
				ASSETCATALOG_COMPILER_GLOBAL_ACCENT_COLOR_NAME = AccentColor;
				CODE_SIGN_STYLE = Automatic;
				CURRENT_PROJECT_VERSION = 1;
				GENERATE_INFOPLIST_FILE = YES;
				INFOPLIST_FILE = "Sky Go iOS Calendar App/Info.plist";
				INFOPLIST_KEY_UIApplicationSupportsIndirectInputEvents = YES;
				INFOPLIST_KEY_UILaunchStoryboardName = LaunchScreen;
				INFOPLIST_KEY_UISupportedInterfaceOrientations_iPad = "UIInterfaceOrientationPortrait UIInterfaceOrientationPortraitUpsideDown UIInterfaceOrientationLandscapeLeft UIInterfaceOrientationLandscapeRight";
				INFOPLIST_KEY_UISupportedInterfaceOrientations_iPhone = "UIInterfaceOrientationPortrait UIInterfaceOrientationLandscapeLeft UIInterfaceOrientationLandscapeRight";
				LD_RUNPATH_SEARCH_PATHS = (
					"$(inherited)",
					"@executable_path/Frameworks",
				);
				MARKETING_VERSION = 1.0;
				PRODUCT_BUNDLE_IDENTIFIER = "Julien-Mahe-Crenn.Sky-Go-iOS-Calendar-App";
				PRODUCT_NAME = "$(TARGET_NAME)";
				SWIFT_EMIT_LOC_STRINGS = YES;
				SWIFT_VERSION = 5.0;
				TARGETED_DEVICE_FAMILY = "1,2";
			};
			name = Debug;
		};
		E0A27F0829928C1900351EDF /* Release */ = {
			isa = XCBuildConfiguration;
			baseConfigurationReference = 9E4C9282A01B950B495DCAA0 /* Pods-Sky Go iOS Calendar App.release.xcconfig */;
			buildSettings = {
				ASSETCATALOG_COMPILER_APPICON_NAME = AppIcon;
				ASSETCATALOG_COMPILER_GLOBAL_ACCENT_COLOR_NAME = AccentColor;
				CODE_SIGN_STYLE = Automatic;
				CURRENT_PROJECT_VERSION = 1;
				GENERATE_INFOPLIST_FILE = YES;
				INFOPLIST_FILE = "Sky Go iOS Calendar App/Info.plist";
				INFOPLIST_KEY_UIApplicationSupportsIndirectInputEvents = YES;
				INFOPLIST_KEY_UILaunchStoryboardName = LaunchScreen;
				INFOPLIST_KEY_UISupportedInterfaceOrientations_iPad = "UIInterfaceOrientationPortrait UIInterfaceOrientationPortraitUpsideDown UIInterfaceOrientationLandscapeLeft UIInterfaceOrientationLandscapeRight";
				INFOPLIST_KEY_UISupportedInterfaceOrientations_iPhone = "UIInterfaceOrientationPortrait UIInterfaceOrientationLandscapeLeft UIInterfaceOrientationLandscapeRight";
				LD_RUNPATH_SEARCH_PATHS = (
					"$(inherited)",
					"@executable_path/Frameworks",
				);
				MARKETING_VERSION = 1.0;
				PRODUCT_BUNDLE_IDENTIFIER = "Julien-Mahe-Crenn.Sky-Go-iOS-Calendar-App";
				PRODUCT_NAME = "$(TARGET_NAME)";
				SWIFT_EMIT_LOC_STRINGS = YES;
				SWIFT_VERSION = 5.0;
				TARGETED_DEVICE_FAMILY = "1,2";
			};
			name = Release;
		};
/* End XCBuildConfiguration section */

/* Begin XCConfigurationList section */
		E0A27EED29928C1600351EDF /* Build configuration list for PBXProject "Sky Go iOS Calendar App" */ = {
			isa = XCConfigurationList;
			buildConfigurations = (
				E0A27F0429928C1900351EDF /* Debug */,
				E0A27F0529928C1900351EDF /* Release */,
			);
			defaultConfigurationIsVisible = 0;
			defaultConfigurationName = Release;
		};
		E0A27F0629928C1900351EDF /* Build configuration list for PBXNativeTarget "Sky Go iOS Calendar App" */ = {
			isa = XCConfigurationList;
			buildConfigurations = (
				E0A27F0729928C1900351EDF /* Debug */,
				E0A27F0829928C1900351EDF /* Release */,
			);
			defaultConfigurationIsVisible = 0;
			defaultConfigurationName = Release;
		};
/* End XCConfigurationList section */

/* Begin XCRemoteSwiftPackageReference section */
		E05581F52993EF3D00E08769 /* XCRemoteSwiftPackageReference "firebase-ios-sdk" */ = {
			isa = XCRemoteSwiftPackageReference;
			repositoryURL = "https://github.com/firebase/firebase-ios-sdk";
			requirement = {
				kind = upToNextMajorVersion;
				minimumVersion = 9.0.0;
			};
		};
/* End XCRemoteSwiftPackageReference section */

/* Begin XCSwiftPackageProductDependency section */
		E05581F62993EF3D00E08769 /* FirebaseAnalyticsWithoutAdIdSupport */ = {
			isa = XCSwiftPackageProductDependency;
			package = E05581F52993EF3D00E08769 /* XCRemoteSwiftPackageReference "firebase-ios-sdk" */;
			productName = FirebaseAnalyticsWithoutAdIdSupport;
		};
		E05581F82993EF3D00E08769 /* FirebaseAuth */ = {
			isa = XCSwiftPackageProductDependency;
			package = E05581F52993EF3D00E08769 /* XCRemoteSwiftPackageReference "firebase-ios-sdk" */;
			productName = FirebaseAuth;
		};
		E05581FA2993EF3D00E08769 /* FirebaseFirestore */ = {
			isa = XCSwiftPackageProductDependency;
			package = E05581F52993EF3D00E08769 /* XCRemoteSwiftPackageReference "firebase-ios-sdk" */;
			productName = FirebaseFirestore;
		};
		E0AA6439299A681C008B8864 /* FirebaseDatabase */ = {
			isa = XCSwiftPackageProductDependency;
			package = E05581F52993EF3D00E08769 /* XCRemoteSwiftPackageReference "firebase-ios-sdk" */;
			productName = FirebaseDatabase;
		};
/* End XCSwiftPackageProductDependency section */
	};
	rootObject = E0A27EEA29928C1600351EDF /* Project object */;
}
